
Microsoft Visual Studio Solution File, Format Version 12.00
# Visual Studio Version 16
VisualStudioVersion = 16.0.30907.101
MinimumVisualStudioVersion = 10.0.40219.1
Project("{FAE04EC0-301F-11D3-BF4B-00C04F79EFBC}") = "JokesWebApp", "JokesWebApp.csproj", "{6B3B638D-6E88-4C3F-B84D-95C181886DBD}"
EndProject
Global
	GlobalSection(SolutionConfigurationPlatforms) = preSolution
		Debug|Any CPU = Debug|Any CPU
		Release|Any CPU = Release|Any CPU
	EndGlobalSection
	GlobalSection(ProjectConfigurationPlatforms) = postSolution
		{6B3B638D-6E88-4C3F-B84D-95C181886DBD}.Debug|Any CPU.ActiveCfg = Debug|Any CPU
		{6B3B638D-6E88-4C3F-B84D-95C181886DBD}.Debug|Any CPU.Build.0 = Debug|Any CPU
		{6B3B638D-6E88-4C3F-B84D-95C181886DBD}.Release|Any CPU.ActiveCfg = Release|Any CPU
		{6B3B638D-6E88-4C3F-B84D-95C181886DBD}.Release|Any CPU.Build.0 = Release|Any CPU
	EndGlobalSection
	GlobalSection(SolutionProperties) = preSolution
		HideSolutionNode = FALSE
	EndGlobalSection
	GlobalSection(ExtensibilityGlobals) = postSolution
		SolutionGuid = {065654E0-A044-475A-B9C4-5254F51A43B4}
	EndGlobalSection
EndGlobal
